// !$*UTF8*$!
{
	archiveVersion = 1;
	classes = {
	};
	objectVersion = 56;
	objects = {

/* Begin PBXBuildFile section */
		218291092A087F3200F9B22A /* AppDelegate.swift in Sources */ = {isa = PBXBuildFile; fileRef = 218291082A087F3200F9B22A /* AppDelegate.swift */; };
		2182910B2A087F3200F9B22A /* SceneDelegate.swift in Sources */ = {isa = PBXBuildFile; fileRef = 2182910A2A087F3200F9B22A /* SceneDelegate.swift */; };
		2182910D2A087F3200F9B22A /* MainTabbarViewController.swift in Sources */ = {isa = PBXBuildFile; fileRef = 2182910C2A087F3200F9B22A /* MainTabbarViewController.swift */; };
		218291122A087F3300F9B22A /* Assets.xcassets in Resources */ = {isa = PBXBuildFile; fileRef = 218291112A087F3300F9B22A /* Assets.xcassets */; };
		218291152A087F3300F9B22A /* LaunchScreen.storyboard in Resources */ = {isa = PBXBuildFile; fileRef = 218291132A087F3300F9B22A /* LaunchScreen.storyboard */; };
		218E10142A0982D60056C2C6 /* HomeViewController.swift in Sources */ = {isa = PBXBuildFile; fileRef = 218E10132A0982D60056C2C6 /* HomeViewController.swift */; };
		218E10162A0983140056C2C6 /* SearchViewController.swift in Sources */ = {isa = PBXBuildFile; fileRef = 218E10152A0983140056C2C6 /* SearchViewController.swift */; };
		218E10182A0983360056C2C6 /* NotificationsViewController.swift in Sources */ = {isa = PBXBuildFile; fileRef = 218E10172A0983360056C2C6 /* NotificationsViewController.swift */; };
		218E101A2A0983550056C2C6 /* DirectMessagesViewController.swift in Sources */ = {isa = PBXBuildFile; fileRef = 218E10192A0983550056C2C6 /* DirectMessagesViewController.swift */; };
		21972B312A09B75B0036DAD8 /* TweetTableViewCell.swift in Sources */ = {isa = PBXBuildFile; fileRef = 21972B302A09B75B0036DAD8 /* TweetTableViewCell.swift */; };
		219CCCB42A0AE35400686FA4 /* ProfileViewController.swift in Sources */ = {isa = PBXBuildFile; fileRef = 219CCCB32A0AE35400686FA4 /* ProfileViewController.swift */; };
/* End PBXBuildFile section */

/* Begin PBXFileReference section */
		218291052A087F3200F9B22A /* TwitterClone.app */ = {isa = PBXFileReference; explicitFileType = wrapper.application; includeInIndex = 0; path = TwitterClone.app; sourceTree = BUILT_PRODUCTS_DIR; };
		218291082A087F3200F9B22A /* AppDelegate.swift */ = {isa = PBXFileReference; lastKnownFileType = sourcecode.swift; path = AppDelegate.swift; sourceTree = "<group>"; };
		2182910A2A087F3200F9B22A /* SceneDelegate.swift */ = {isa = PBXFileReference; lastKnownFileType = sourcecode.swift; path = SceneDelegate.swift; sourceTree = "<group>"; };
		2182910C2A087F3200F9B22A /* MainTabbarViewController.swift */ = {isa = PBXFileReference; lastKnownFileType = sourcecode.swift; path = MainTabbarViewController.swift; sourceTree = "<group>"; };
		218291112A087F3300F9B22A /* Assets.xcassets */ = {isa = PBXFileReference; lastKnownFileType = folder.assetcatalog; path = Assets.xcassets; sourceTree = "<group>"; };
		218291142A087F3300F9B22A /* Base */ = {isa = PBXFileReference; lastKnownFileType = file.storyboard; name = Base; path = Base.lproj/LaunchScreen.storyboard; sourceTree = "<group>"; };
		218291162A087F3300F9B22A /* Info.plist */ = {isa = PBXFileReference; lastKnownFileType = text.plist.xml; path = Info.plist; sourceTree = "<group>"; };
		218E10132A0982D60056C2C6 /* HomeViewController.swift */ = {isa = PBXFileReference; lastKnownFileType = sourcecode.swift; path = HomeViewController.swift; sourceTree = "<group>"; };
		218E10152A0983140056C2C6 /* SearchViewController.swift */ = {isa = PBXFileReference; lastKnownFileType = sourcecode.swift; path = SearchViewController.swift; sourceTree = "<group>"; };
		218E10172A0983360056C2C6 /* NotificationsViewController.swift */ = {isa = PBXFileReference; lastKnownFileType = sourcecode.swift; path = NotificationsViewController.swift; sourceTree = "<group>"; };
		218E10192A0983550056C2C6 /* DirectMessagesViewController.swift */ = {isa = PBXFileReference; lastKnownFileType = sourcecode.swift; path = DirectMessagesViewController.swift; sourceTree = "<group>"; };
		21972B302A09B75B0036DAD8 /* TweetTableViewCell.swift */ = {isa = PBXFileReference; lastKnownFileType = sourcecode.swift; path = TweetTableViewCell.swift; sourceTree = "<group>"; };
		219CCCB32A0AE35400686FA4 /* ProfileViewController.swift */ = {isa = PBXFileReference; lastKnownFileType = sourcecode.swift; path = ProfileViewController.swift; sourceTree = "<group>"; };
/* End PBXFileReference section */

/* Begin PBXFrameworksBuildPhase section */
		218291022A087F3200F9B22A /* Frameworks */ = {
			isa = PBXFrameworksBuildPhase;
			buildActionMask = 2147483647;
			files = (
			);
			runOnlyForDeploymentPostprocessing = 0;
		};
/* End PBXFrameworksBuildPhase section */

/* Begin PBXGroup section */
		218290FC2A087F3200F9B22A = {
			isa = PBXGroup;
			children = (
				218291072A087F3200F9B22A /* TwitterClone */,
				218291062A087F3200F9B22A /* Products */,
			);
			sourceTree = "<group>";
		};
		218291062A087F3200F9B22A /* Products */ = {
			isa = PBXGroup;
			children = (
				218291052A087F3200F9B22A /* TwitterClone.app */,
			);
			name = Products;
			sourceTree = "<group>";
		};
		218291072A087F3200F9B22A /* TwitterClone */ = {
			isa = PBXGroup;
			children = (
				21972B2F2A09B70A0036DAD8 /* Views */,
				218E10112A0982250056C2C6 /* Controllers */,
				218291082A087F3200F9B22A /* AppDelegate.swift */,
				2182910A2A087F3200F9B22A /* SceneDelegate.swift */,
				218291112A087F3300F9B22A /* Assets.xcassets */,
				218291132A087F3300F9B22A /* LaunchScreen.storyboard */,
				218291162A087F3300F9B22A /* Info.plist */,
			);
			path = TwitterClone;
			sourceTree = "<group>";
		};
		218E10112A0982250056C2C6 /* Controllers */ = {
			isa = PBXGroup;
			children = (
				219CCCB22A0AE30C00686FA4 /* General */,
				218E10122A09823B0056C2C6 /* Core */,
			);
			path = Controllers;
			sourceTree = "<group>";
		};
		218E10122A09823B0056C2C6 /* Core */ = {
			isa = PBXGroup;
			children = (
				218E10132A0982D60056C2C6 /* HomeViewController.swift */,
				2182910C2A087F3200F9B22A /* MainTabbarViewController.swift */,
				218E10152A0983140056C2C6 /* SearchViewController.swift */,
				218E10172A0983360056C2C6 /* NotificationsViewController.swift */,
				218E10192A0983550056C2C6 /* DirectMessagesViewController.swift */,
			);
			path = Core;
			sourceTree = "<group>";
		};
		21972B2F2A09B70A0036DAD8 /* Views */ = {
			isa = PBXGroup;
			children = (
				21972B302A09B75B0036DAD8 /* TweetTableViewCell.swift */,
			);
			path = Views;
			sourceTree = "<group>";
		};
		219CCCB22A0AE30C00686FA4 /* General */ = {
			isa = PBXGroup;
			children = (
				219CCCB32A0AE35400686FA4 /* ProfileViewController.swift */,
			);
			path = General;
			sourceTree = "<group>";
		};
/* End PBXGroup section */

/* Begin PBXNativeTarget section */
		218291042A087F3200F9B22A /* TwitterClone */ = {
			isa = PBXNativeTarget;
			buildConfigurationList = 218291192A087F3300F9B22A /* Build configuration list for PBXNativeTarget "TwitterClone" */;
			buildPhases = (
				218291012A087F3200F9B22A /* Sources */,
				218291022A087F3200F9B22A /* Frameworks */,
				218291032A087F3200F9B22A /* Resources */,
			);
			buildRules = (
			);
			dependencies = (
			);
			name = TwitterClone;
			productName = TwitterClone;
			productReference = 218291052A087F3200F9B22A /* TwitterClone.app */;
			productType = "com.apple.product-type.application";
		};
/* End PBXNativeTarget section */

/* Begin PBXProject section */
		218290FD2A087F3200F9B22A /* Project object */ = {
			isa = PBXProject;
			attributes = {
				BuildIndependentTargetsInParallel = 1;
				LastSwiftUpdateCheck = 1420;
				LastUpgradeCheck = 1420;
				TargetAttributes = {
					218291042A087F3200F9B22A = {
						CreatedOnToolsVersion = 14.2;
					};
				};
			};
			buildConfigurationList = 218291002A087F3200F9B22A /* Build configuration list for PBXProject "TwitterClone" */;
			compatibilityVersion = "Xcode 14.0";
			developmentRegion = en;
			hasScannedForEncodings = 0;
			knownRegions = (
				en,
				Base,
			);
			mainGroup = 218290FC2A087F3200F9B22A;
			productRefGroup = 218291062A087F3200F9B22A /* Products */;
			projectDirPath = "";
			projectRoot = "";
			targets = (
				218291042A087F3200F9B22A /* TwitterClone */,
			);
		};
/* End PBXProject section */

/* Begin PBXResourcesBuildPhase section */
		218291032A087F3200F9B22A /* Resources */ = {
			isa = PBXResourcesBuildPhase;
			buildActionMask = 2147483647;
			files = (
				218291152A087F3300F9B22A /* LaunchScreen.storyboard in Resources */,
				218291122A087F3300F9B22A /* Assets.xcassets in Resources */,
			);
			runOnlyForDeploymentPostprocessing = 0;
		};
/* End PBXResourcesBuildPhase section */

/* Begin PBXSourcesBuildPhase section */
		218291012A087F3200F9B22A /* Sources */ = {
			isa = PBXSourcesBuildPhase;
			buildActionMask = 2147483647;
			files = (
				218E10162A0983140056C2C6 /* SearchViewController.swift in Sources */,
				2182910D2A087F3200F9B22A /* MainTabbarViewController.swift in Sources */,
				218291092A087F3200F9B22A /* AppDelegate.swift in Sources */,
				218E10182A0983360056C2C6 /* NotificationsViewController.swift in Sources */,
				2182910B2A087F3200F9B22A /* SceneDelegate.swift in Sources */,
				218E10142A0982D60056C2C6 /* HomeViewController.swift in Sources */,
				219CCCB42A0AE35400686FA4 /* ProfileViewController.swift in Sources */,
				218E101A2A0983550056C2C6 /* DirectMessagesViewController.swift in Sources */,
				21972B312A09B75B0036DAD8 /* TweetTableViewCell.swift in Sources */,
			);
			runOnlyForDeploymentPostprocessing = 0;
		};
/* End PBXSourcesBuildPhase section */

/* Begin PBXVariantGroup section */
		218291132A087F3300F9B22A /* LaunchScreen.storyboard */ = {
			isa = PBXVariantGroup;
			children = (
				218291142A087F3300F9B22A /* Base */,
			);
			name = LaunchScreen.storyboard;
			sourceTree = "<group>";
		};
/* End PBXVariantGroup section */

/* Begin XCBuildConfiguration section */
		218291172A087F3300F9B22A /* Debug */ = {
			isa = XCBuildConfiguration;
			buildSettings = {
				ALWAYS_SEARCH_USER_PATHS = NO;
				CLANG_ANALYZER_NONNULL = YES;
				CLANG_ANALYZER_NUMBER_OBJECT_CONVERSION = YES_AGGRESSIVE;
				CLANG_CXX_LANGUAGE_STANDARD = "gnu++20";
				CLANG_ENABLE_MODULES = YES;
				CLANG_ENABLE_OBJC_ARC = YES;
				CLANG_ENABLE_OBJC_WEAK = YES;
				CLANG_WARN_BLOCK_CAPTURE_AUTORELEASING = YES;
				CLANG_WARN_BOOL_CONVERSION = YES;
				CLANG_WARN_COMMA = YES;
				CLANG_WARN_CONSTANT_CONVERSION = YES;
				CLANG_WARN_DEPRECATED_OBJC_IMPLEMENTATIONS = YES;
				CLANG_WARN_DIRECT_OBJC_ISA_USAGE = YES_ERROR;
				CLANG_WARN_DOCUMENTATION_COMMENTS = YES;
				CLANG_WARN_EMPTY_BODY = YES;
				CLANG_WARN_ENUM_CONVERSION = YES;
				CLANG_WARN_INFINITE_RECURSION = YES;
				CLANG_WARN_INT_CONVERSION = YES;
				CLANG_WARN_NON_LITERAL_NULL_CONVERSION = YES;
				CLANG_WARN_OBJC_IMPLICIT_RETAIN_SELF = YES;
				CLANG_WARN_OBJC_LITERAL_CONVERSION = YES;
				CLANG_WARN_OBJC_ROOT_CLASS = YES_ERROR;
				CLANG_WARN_QUOTED_INCLUDE_IN_FRAMEWORK_HEADER = YES;
				CLANG_WARN_RANGE_LOOP_ANALYSIS = YES;
				CLANG_WARN_STRICT_PROTOTYPES = YES;
				CLANG_WARN_SUSPICIOUS_MOVE = YES;
				CLANG_WARN_UNGUARDED_AVAILABILITY = YES_AGGRESSIVE;
				CLANG_WARN_UNREACHABLE_CODE = YES;
				CLANG_WARN__DUPLICATE_METHOD_MATCH = YES;
				COPY_PHASE_STRIP = NO;
				DEBUG_INFORMATION_FORMAT = dwarf;
				ENABLE_STRICT_OBJC_MSGSEND = YES;
				ENABLE_TESTABILITY = YES;
				GCC_C_LANGUAGE_STANDARD = gnu11;
				GCC_DYNAMIC_NO_PIC = NO;
				GCC_NO_COMMON_BLOCKS = YES;
				GCC_OPTIMIZATION_LEVEL = 0;
				GCC_PREPROCESSOR_DEFINITIONS = (
					"DEBUG=1",
					"$(inherited)",
				);
				GCC_WARN_64_TO_32_BIT_CONVERSION = YES;
				GCC_WARN_ABOUT_RETURN_TYPE = YES_ERROR;
				GCC_WARN_UNDECLARED_SELECTOR = YES;
				GCC_WARN_UNINITIALIZED_AUTOS = YES_AGGRESSIVE;
				GCC_WARN_UNUSED_FUNCTION = YES;
				GCC_WARN_UNUSED_VARIABLE = YES;
				IPHONEOS_DEPLOYMENT_TARGET = 16.2;
				MTL_ENABLE_DEBUG_INFO = INCLUDE_SOURCE;
				MTL_FAST_MATH = YES;
				ONLY_ACTIVE_ARCH = YES;
				SDKROOT = iphoneos;
				SWIFT_ACTIVE_COMPILATION_CONDITIONS = DEBUG;
				SWIFT_OPTIMIZATION_LEVEL = "-Onone";
			};
			name = Debug;
		};
		218291182A087F3300F9B22A /* Release */ = {
			isa = XCBuildConfiguration;
			buildSettings = {
				ALWAYS_SEARCH_USER_PATHS = NO;
				CLANG_ANALYZER_NONNULL = YES;
				CLANG_ANALYZER_NUMBER_OBJECT_CONVERSION = YES_AGGRESSIVE;
				CLANG_CXX_LANGUAGE_STANDARD = "gnu++20";
				CLANG_ENABLE_MODULES = YES;
				CLANG_ENABLE_OBJC_ARC = YES;
				CLANG_ENABLE_OBJC_WEAK = YES;
				CLANG_WARN_BLOCK_CAPTURE_AUTORELEASING = YES;
				CLANG_WARN_BOOL_CONVERSION = YES;
				CLANG_WARN_COMMA = YES;
				CLANG_WARN_CONSTANT_CONVERSION = YES;
				CLANG_WARN_DEPRECATED_OBJC_IMPLEMENTATIONS = YES;
				CLANG_WARN_DIRECT_OBJC_ISA_USAGE = YES_ERROR;
				CLANG_WARN_DOCUMENTATION_COMMENTS = YES;
				CLANG_WARN_EMPTY_BODY = YES;
				CLANG_WARN_ENUM_CONVERSION = YES;
				CLANG_WARN_INFINITE_RECURSION = YES;
				CLANG_WARN_INT_CONVERSION = YES;
				CLANG_WARN_NON_LITERAL_NULL_CONVERSION = YES;
				CLANG_WARN_OBJC_IMPLICIT_RETAIN_SELF = YES;
				CLANG_WARN_OBJC_LITERAL_CONVERSION = YES;
				CLANG_WARN_OBJC_ROOT_CLASS = YES_ERROR;
				CLANG_WARN_QUOTED_INCLUDE_IN_FRAMEWORK_HEADER = YES;
				CLANG_WARN_RANGE_LOOP_ANALYSIS = YES;
				CLANG_WARN_STRICT_PROTOTYPES = YES;
				CLANG_WARN_SUSPICIOUS_MOVE = YES;
				CLANG_WARN_UNGUARDED_AVAILABILITY = YES_AGGRESSIVE;
				CLANG_WARN_UNREACHABLE_CODE = YES;
				CLANG_WARN__DUPLICATE_METHOD_MATCH = YES;
				COPY_PHASE_STRIP = NO;
				DEBUG_INFORMATION_FORMAT = "dwarf-with-dsym";
				ENABLE_NS_ASSERTIONS = NO;
				ENABLE_STRICT_OBJC_MSGSEND = YES;
				GCC_C_LANGUAGE_STANDARD = gnu11;
				GCC_NO_COMMON_BLOCKS = YES;
				GCC_WARN_64_TO_32_BIT_CONVERSION = YES;
				GCC_WARN_ABOUT_RETURN_TYPE = YES_ERROR;
				GCC_WARN_UNDECLARED_SELECTOR = YES;
				GCC_WARN_UNINITIALIZED_AUTOS = YES_AGGRESSIVE;
				GCC_WARN_UNUSED_FUNCTION = YES;
				GCC_WARN_UNUSED_VARIABLE = YES;
				IPHONEOS_DEPLOYMENT_TARGET = 16.2;
				MTL_ENABLE_DEBUG_INFO = NO;
				MTL_FAST_MATH = YES;
				SDKROOT = iphoneos;
				SWIFT_COMPILATION_MODE = wholemodule;
				SWIFT_OPTIMIZATION_LEVEL = "-O";
				VALIDATE_PRODUCT = YES;
			};
			name = Release;
		};
		2182911A2A087F3300F9B22A /* Debug */ = {
			isa = XCBuildConfiguration;
			buildSettings = {
				ASSETCATALOG_COMPILER_APPICON_NAME = AppIcon;
				ASSETCATALOG_COMPILER_GLOBAL_ACCENT_COLOR_NAME = AccentColor;
				CODE_SIGN_STYLE = Automatic;
				CURRENT_PROJECT_VERSION = 1;
				GENERATE_INFOPLIST_FILE = YES;
				INFOPLIST_FILE = TwitterClone/Info.plist;
				INFOPLIST_KEY_UIApplicationSupportsIndirectInputEvents = YES;
				INFOPLIST_KEY_UILaunchStoryboardName = LaunchScreen;
				INFOPLIST_KEY_UISupportedInterfaceOrientations_iPad = "UIInterfaceOrientationPortrait UIInterfaceOrientationPortraitUpsideDown UIInterfaceOrientationLandscapeLeft UIInterfaceOrientationLandscapeRight";
				INFOPLIST_KEY_UISupportedInterfaceOrientations_iPhone = "UIInterfaceOrientationPortrait UIInterfaceOrientationLandscapeLeft UIInterfaceOrientationLandscapeRight";
				LD_RUNPATH_SEARCH_PATHS = (
					"$(inherited)",
					"@executable_path/Frameworks",
				);
				MARKETING_VERSION = 1.0;
				PRODUCT_BUNDLE_IDENTIFIER = demo.TwitterClone;
				PRODUCT_NAME = "$(TARGET_NAME)";
				SWIFT_EMIT_LOC_STRINGS = YES;
				SWIFT_VERSION = 5.0;
				TARGETED_DEVICE_FAMILY = "1,2";
			};
			name = Debug;
		};
		2182911B2A087F3300F9B22A /* Release */ = {
			isa = XCBuildConfiguration;
			buildSettings = {
				ASSETCATALOG_COMPILER_APPICON_NAME = AppIcon;
				ASSETCATALOG_COMPILER_GLOBAL_ACCENT_COLOR_NAME = AccentColor;
				CODE_SIGN_STYLE = Automatic;
				CURRENT_PROJECT_VERSION = 1;
				GENERATE_INFOPLIST_FILE = YES;
				INFOPLIST_FILE = TwitterClone/Info.plist;
				INFOPLIST_KEY_UIApplicationSupportsIndirectInputEvents = YES;
				INFOPLIST_KEY_UILaunchStoryboardName = LaunchScreen;
				INFOPLIST_KEY_UISupportedInterfaceOrientations_iPad = "UIInterfaceOrientationPortrait UIInterfaceOrientationPortraitUpsideDown UIInterfaceOrientationLandscapeLeft UIInterfaceOrientationLandscapeRight";
				INFOPLIST_KEY_UISupportedInterfaceOrientations_iPhone = "UIInterfaceOrientationPortrait UIInterfaceOrientationLandscapeLeft UIInterfaceOrientationLandscapeRight";
				LD_RUNPATH_SEARCH_PATHS = (
					"$(inherited)",
					"@executable_path/Frameworks",
				);
				MARKETING_VERSION = 1.0;
				PRODUCT_BUNDLE_IDENTIFIER = demo.TwitterClone;
				PRODUCT_NAME = "$(TARGET_NAME)";
				SWIFT_EMIT_LOC_STRINGS = YES;
				SWIFT_VERSION = 5.0;
				TARGETED_DEVICE_FAMILY = "1,2";
			};
			name = Release;
		};
/* End XCBuildConfiguration section */

/* Begin XCConfigurationList section */
		218291002A087F3200F9B22A /* Build configuration list for PBXProject "TwitterClone" */ = {
			isa = XCConfigurationList;
			buildConfigurations = (
				218291172A087F3300F9B22A /* Debug */,
				218291182A087F3300F9B22A /* Release */,
			);
			defaultConfigurationIsVisible = 0;
			defaultConfigurationName = Release;
		};
		218291192A087F3300F9B22A /* Build configuration list for PBXNativeTarget "TwitterClone" */ = {
			isa = XCConfigurationList;
			buildConfigurations = (
				2182911A2A087F3300F9B22A /* Debug */,
				2182911B2A087F3300F9B22A /* Release */,
			);
			defaultConfigurationIsVisible = 0;
			defaultConfigurationName = Release;
		};
/* End XCConfigurationList section */
	};
	rootObject = 218290FD2A087F3200F9B22A /* Project object */;
}
